
Microsoft Visual Studio Solution File, Format Version 12.00
# Visual Studio Version 16
VisualStudioVersion = 16.0.31829.152
MinimumVisualStudioVersion = 10.0.40219.1
Project("{9A19103F-16F7-4668-BE54-9A1E7A4F7556}") = "ConsoleApp1", "ConsoleApp1\ConsoleApp1.csproj", "{C351AD4A-C1B6-4237-8B85-4CA49AAF82BE}"
EndProject
Project("{00D1A9C2-B5F0-4AF3-8072-F6C62B433612}") = "Database1", "Database1\Database1.sqlproj", "{647A3D2F-6B80-4066-BCD9-CBFA8C22022A}"
EndProject
Global
	GlobalSection(SolutionConfigurationPlatforms) = preSolution
		Debug|Any CPU = Debug|Any CPU
		Release|Any CPU = Release|Any CPU
	EndGlobalSection
	GlobalSection(ProjectConfigurationPlatforms) = postSolution
		{C351AD4A-C1B6-4237-8B85-4CA49AAF82BE}.Debug|Any CPU.ActiveCfg = Debug|Any CPU
		{C351AD4A-C1B6-4237-8B85-4CA49AAF82BE}.Debug|Any CPU.Build.0 = Debug|Any CPU
		{C351AD4A-C1B6-4237-8B85-4CA49AAF82BE}.Release|Any CPU.ActiveCfg = Release|Any CPU
		{C351AD4A-C1B6-4237-8B85-4CA49AAF82BE}.Release|Any CPU.Build.0 = Release|Any CPU
		{647A3D2F-6B80-4066-BCD9-CBFA8C22022A}.Debug|Any CPU.ActiveCfg = Debug|Any CPU
		{647A3D2F-6B80-4066-BCD9-CBFA8C22022A}.Debug|Any CPU.Build.0 = Debug|Any CPU
		{647A3D2F-6B80-4066-BCD9-CBFA8C22022A}.Debug|Any CPU.Deploy.0 = Debug|Any CPU
		{647A3D2F-6B80-4066-BCD9-CBFA8C22022A}.Release|Any CPU.ActiveCfg = Release|Any CPU
		{647A3D2F-6B80-4066-BCD9-CBFA8C22022A}.Release|Any CPU.Build.0 = Release|Any CPU
		{647A3D2F-6B80-4066-BCD9-CBFA8C22022A}.Release|Any CPU.Deploy.0 = Release|Any CPU
	EndGlobalSection
	GlobalSection(SolutionProperties) = preSolution
		HideSolutionNode = FALSE
	EndGlobalSection
	GlobalSection(ExtensibilityGlobals) = postSolution
		SolutionGuid = {A19D2CC2-69DB-4783-9061-C0F2D084EFD2}
	EndGlobalSection
EndGlobal
